
Microsoft Visual Studio Solution File, Format Version 12.00
# Visual Studio Version 16
VisualStudioVersion = 16.0.33027.164
MinimumVisualStudioVersion = 10.0.40219.1
Project("{FAE04EC0-301F-11D3-BF4B-00C04F79EFBC}") = "API_Schedule", "API_Schedule\API_Schedule.csproj", "{1AD1E030-2458-43A6-9544-8183CE54E35D}"
EndProject
Global
	GlobalSection(SolutionConfigurationPlatforms) = preSolution
		Debug|Any CPU = Debug|Any CPU
		Release|Any CPU = Release|Any CPU
	EndGlobalSection
	GlobalSection(ProjectConfigurationPlatforms) = postSolution
		{1AD1E030-2458-43A6-9544-8183CE54E35D}.Debug|Any CPU.ActiveCfg = Debug|Any CPU
		{1AD1E030-2458-43A6-9544-8183CE54E35D}.Debug|Any CPU.Build.0 = Debug|Any CPU
		{1AD1E030-2458-43A6-9544-8183CE54E35D}.Release|Any CPU.ActiveCfg = Release|Any CPU
		{1AD1E030-2458-43A6-9544-8183CE54E35D}.Release|Any CPU.Build.0 = Release|Any CPU
	EndGlobalSection
	GlobalSection(SolutionProperties) = preSolution
		HideSolutionNode = FALSE
	EndGlobalSection
	GlobalSection(ExtensibilityGlobals) = postSolution
		SolutionGuid = {681A4180-5EB2-4372-810B-82E4A05BE719}
	EndGlobalSection
EndGlobal
